
Microsoft Visual Studio Solution File, Format Version 12.00
# Visual Studio 2013
VisualStudioVersion = 12.0.31101.0
MinimumVisualStudioVersion = 10.0.40219.1
Project("{FAE04EC0-301F-11D3-BF4B-00C04F79EFBC}") = "Nancy.AspNet.WebSockets.Sample", "Nancy.AspNet.WebSockets.Sample\Nancy.AspNet.WebSockets.Sample.csproj", "{6BE7D127-01E6-478F-AD94-A03DFDDC77B7}"
EndProject
Project("{FAE04EC0-301F-11D3-BF4B-00C04F79EFBC}") = "Nancy.AspNet.WebSockets.Sample.Tests", "Nancy.AspNet.WebSockets.Sample.Tests\Nancy.AspNet.WebSockets.Sample.Tests.csproj", "{F42B4150-8B37-4A12-B46F-D4852F206C33}"
EndProject
Project("{FAE04EC0-301F-11D3-BF4B-00C04F79EFBC}") = "Nancy.AspNet.WebSockets", "Nancy.AspNet.WebSockets\Nancy.AspNet.WebSockets.csproj", "{1DEC0EED-75B6-4A53-A1AD-8A02976101B1}"
EndProject
Project("{FAE04EC0-301F-11D3-BF4B-00C04F79EFBC}") = "Nancy.AspNet.WebSockets.Tests", "Nancy.AspNet.WebSockets.Tests\Nancy.AspNet.WebSockets.Tests.csproj", "{6DB86E1F-EF6F-475A-B835-B26D4E9BC61C}"
EndProject
Project("{FAE04EC0-301F-11D3-BF4B-00C04F79EFBC}") = "Nancy.AspNet.WebSockets.Tests.StandardSite", "Nancy.AspNet.WebSockets.Tests.StandardSite\Nancy.AspNet.WebSockets.Tests.StandardSite.csproj", "{E00E5202-1554-4676-89CE-DFCDEC9048A8}"
EndProject
Project("{FAE04EC0-301F-11D3-BF4B-00C04F79EFBC}") = "Nancy.AspNet.WebSockets.Testing", "Nancy.AspNet.WebSockets.Testing\Nancy.AspNet.WebSockets.Testing.csproj", "{B5396FFB-8E48-448F-BAB1-EDC829CDD776}"
EndProject
Project("{FAE04EC0-301F-11D3-BF4B-00C04F79EFBC}") = "Nancy.AspNet.WebSockets.Testing.Tests", "Nancy.AspNet.WebSockets.Testing.Tests\Nancy.AspNet.WebSockets.Testing.Tests.csproj", "{06B675F4-F176-48E7-9818-CEC1ACC0DE79}"
EndProject
Project("{FAE04EC0-301F-11D3-BF4B-00C04F79EFBC}") = "Nancy.AspNet.WebSockets.Tests.CustomHandlerSite", "Nancy.AspNet.WebSockets.Tests.CustomHandlerSite\Nancy.AspNet.WebSockets.Tests.CustomHandlerSite.csproj", "{31F65DE6-C817-41E6-A361-5E371F2E9277}"
EndProject
Project("{FAE04EC0-301F-11D3-BF4B-00C04F79EFBC}") = "WebConfigTransformTester", "WebConfigTransformTester\WebConfigTransformTester.csproj", "{B684604E-1C44-495F-81C5-8D597BA75686}"
EndProject
Global
	GlobalSection(SolutionConfigurationPlatforms) = preSolution
		Debug|Any CPU = Debug|Any CPU
		Release|Any CPU = Release|Any CPU
	EndGlobalSection
	GlobalSection(ProjectConfigurationPlatforms) = postSolution
		{6BE7D127-01E6-478F-AD94-A03DFDDC77B7}.Debug|Any CPU.ActiveCfg = Debug|Any CPU
		{6BE7D127-01E6-478F-AD94-A03DFDDC77B7}.Debug|Any CPU.Build.0 = Debug|Any CPU
		{6BE7D127-01E6-478F-AD94-A03DFDDC77B7}.Release|Any CPU.ActiveCfg = Release|Any CPU
		{6BE7D127-01E6-478F-AD94-A03DFDDC77B7}.Release|Any CPU.Build.0 = Release|Any CPU
		{F42B4150-8B37-4A12-B46F-D4852F206C33}.Debug|Any CPU.ActiveCfg = Debug|Any CPU
		{F42B4150-8B37-4A12-B46F-D4852F206C33}.Debug|Any CPU.Build.0 = Debug|Any CPU
		{F42B4150-8B37-4A12-B46F-D4852F206C33}.Release|Any CPU.ActiveCfg = Release|Any CPU
		{F42B4150-8B37-4A12-B46F-D4852F206C33}.Release|Any CPU.Build.0 = Release|Any CPU
		{1DEC0EED-75B6-4A53-A1AD-8A02976101B1}.Debug|Any CPU.ActiveCfg = Debug|Any CPU
		{1DEC0EED-75B6-4A53-A1AD-8A02976101B1}.Debug|Any CPU.Build.0 = Debug|Any CPU
		{1DEC0EED-75B6-4A53-A1AD-8A02976101B1}.Release|Any CPU.ActiveCfg = Release|Any CPU
		{1DEC0EED-75B6-4A53-A1AD-8A02976101B1}.Release|Any CPU.Build.0 = Release|Any CPU
		{6DB86E1F-EF6F-475A-B835-B26D4E9BC61C}.Debug|Any CPU.ActiveCfg = Debug|Any CPU
		{6DB86E1F-EF6F-475A-B835-B26D4E9BC61C}.Debug|Any CPU.Build.0 = Debug|Any CPU
		{6DB86E1F-EF6F-475A-B835-B26D4E9BC61C}.Release|Any CPU.ActiveCfg = Release|Any CPU
		{6DB86E1F-EF6F-475A-B835-B26D4E9BC61C}.Release|Any CPU.Build.0 = Release|Any CPU
		{E00E5202-1554-4676-89CE-DFCDEC9048A8}.Debug|Any CPU.ActiveCfg = Debug|Any CPU
		{E00E5202-1554-4676-89CE-DFCDEC9048A8}.Debug|Any CPU.Build.0 = Debug|Any CPU
		{E00E5202-1554-4676-89CE-DFCDEC9048A8}.Release|Any CPU.ActiveCfg = Release|Any CPU
		{E00E5202-1554-4676-89CE-DFCDEC9048A8}.Release|Any CPU.Build.0 = Release|Any CPU
		{B5396FFB-8E48-448F-BAB1-EDC829CDD776}.Debug|Any CPU.ActiveCfg = Debug|Any CPU
		{B5396FFB-8E48-448F-BAB1-EDC829CDD776}.Debug|Any CPU.Build.0 = Debug|Any CPU
		{B5396FFB-8E48-448F-BAB1-EDC829CDD776}.Release|Any CPU.ActiveCfg = Release|Any CPU
		{B5396FFB-8E48-448F-BAB1-EDC829CDD776}.Release|Any CPU.Build.0 = Release|Any CPU
		{06B675F4-F176-48E7-9818-CEC1ACC0DE79}.Debug|Any CPU.ActiveCfg = Debug|Any CPU
		{06B675F4-F176-48E7-9818-CEC1ACC0DE79}.Debug|Any CPU.Build.0 = Debug|Any CPU
		{06B675F4-F176-48E7-9818-CEC1ACC0DE79}.Release|Any CPU.ActiveCfg = Release|Any CPU
		{06B675F4-F176-48E7-9818-CEC1ACC0DE79}.Release|Any CPU.Build.0 = Release|Any CPU
		{31F65DE6-C817-41E6-A361-5E371F2E9277}.Debug|Any CPU.ActiveCfg = Debug|Any CPU
		{31F65DE6-C817-41E6-A361-5E371F2E9277}.Debug|Any CPU.Build.0 = Debug|Any CPU
		{31F65DE6-C817-41E6-A361-5E371F2E9277}.Release|Any CPU.ActiveCfg = Release|Any CPU
		{31F65DE6-C817-41E6-A361-5E371F2E9277}.Release|Any CPU.Build.0 = Release|Any CPU
		{B684604E-1C44-495F-81C5-8D597BA75686}.Debug|Any CPU.ActiveCfg = Debug|Any CPU
		{B684604E-1C44-495F-81C5-8D597BA75686}.Debug|Any CPU.Build.0 = Debug|Any CPU
		{B684604E-1C44-495F-81C5-8D597BA75686}.Release|Any CPU.ActiveCfg = Release|Any CPU
		{B684604E-1C44-495F-81C5-8D597BA75686}.Release|Any CPU.Build.0 = Release|Any CPU
	EndGlobalSection
	GlobalSection(SolutionProperties) = preSolution
		HideSolutionNode = FALSE
	EndGlobalSection
EndGlobal
